
Microsoft Visual Studio Solution File, Format Version 12.00
# Visual Studio 14
VisualStudioVersion = 14.0.24720.0
MinimumVisualStudioVersion = 10.0.40219.1
Project("{FAE04EC0-301F-11D3-BF4B-00C04F79EFBC}") = "ImageEncoder", "ImageEncoder\ImageEncoder.csproj", "{0EA82704-7EF6-4A14-83AF-A3643D63D450}"
EndProject
Project("{FAE04EC0-301F-11D3-BF4B-00C04F79EFBC}") = "TestOfImageEncoder", "TestOfImageEncoder\TestOfImageEncoder.csproj", "{16362ECA-262C-4B95-A713-D55CF9DD8E04}"
EndProject
Global
	GlobalSection(SolutionConfigurationPlatforms) = preSolution
		Debug|Any CPU = Debug|Any CPU
		Release|Any CPU = Release|Any CPU
	EndGlobalSection
	GlobalSection(ProjectConfigurationPlatforms) = postSolution
		{0EA82704-7EF6-4A14-83AF-A3643D63D450}.Debug|Any CPU.ActiveCfg = Debug|Any CPU
		{0EA82704-7EF6-4A14-83AF-A3643D63D450}.Debug|Any CPU.Build.0 = Debug|Any CPU
		{0EA82704-7EF6-4A14-83AF-A3643D63D450}.Release|Any CPU.ActiveCfg = Release|Any CPU
		{0EA82704-7EF6-4A14-83AF-A3643D63D450}.Release|Any CPU.Build.0 = Release|Any CPU
		{16362ECA-262C-4B95-A713-D55CF9DD8E04}.Debug|Any CPU.ActiveCfg = Debug|Any CPU
		{16362ECA-262C-4B95-A713-D55CF9DD8E04}.Debug|Any CPU.Build.0 = Debug|Any CPU
		{16362ECA-262C-4B95-A713-D55CF9DD8E04}.Release|Any CPU.ActiveCfg = Release|Any CPU
		{16362ECA-262C-4B95-A713-D55CF9DD8E04}.Release|Any CPU.Build.0 = Release|Any CPU
	EndGlobalSection
	GlobalSection(SolutionProperties) = preSolution
		HideSolutionNode = FALSE
	EndGlobalSection
EndGlobal
